
Microsoft Visual Studio Solution File, Format Version 12.00
# Visual Studio 14
VisualStudioVersion = 14.0.25123.0
MinimumVisualStudioVersion = 10.0.40219.1
Project("{FAE04EC0-301F-11D3-BF4B-00C04F79EFBC}") = "Assembler", "Assembler\Assembler.csproj", "{12AE2B79-7B50-46B7-9C29-ED31A50CCB96}"
EndProject
Project("{FAE04EC0-301F-11D3-BF4B-00C04F79EFBC}") = "AssemblerCli", "AssemblerCli\AssemblerCli.csproj", "{10502087-1685-44FE-B01F-A3EC3988F85A}"
EndProject
Project("{FAE04EC0-301F-11D3-BF4B-00C04F79EFBC}") = "AssemblerGui", "AssemblerGui\AssemblerGui.csproj", "{05A95CC3-6FC6-43CE-8F6E-012FB1773FBF}"
EndProject
Global
	GlobalSection(SolutionConfigurationPlatforms) = preSolution
		Debug|Any CPU = Debug|Any CPU
		Release|Any CPU = Release|Any CPU
	EndGlobalSection
	GlobalSection(ProjectConfigurationPlatforms) = postSolution
		{12AE2B79-7B50-46B7-9C29-ED31A50CCB96}.Debug|Any CPU.ActiveCfg = Debug|Any CPU
		{12AE2B79-7B50-46B7-9C29-ED31A50CCB96}.Debug|Any CPU.Build.0 = Debug|Any CPU
		{12AE2B79-7B50-46B7-9C29-ED31A50CCB96}.Release|Any CPU.ActiveCfg = Release|Any CPU
		{12AE2B79-7B50-46B7-9C29-ED31A50CCB96}.Release|Any CPU.Build.0 = Release|Any CPU
		{10502087-1685-44FE-B01F-A3EC3988F85A}.Debug|Any CPU.ActiveCfg = Debug|Any CPU
		{10502087-1685-44FE-B01F-A3EC3988F85A}.Debug|Any CPU.Build.0 = Debug|Any CPU
		{10502087-1685-44FE-B01F-A3EC3988F85A}.Release|Any CPU.ActiveCfg = Release|Any CPU
		{10502087-1685-44FE-B01F-A3EC3988F85A}.Release|Any CPU.Build.0 = Release|Any CPU
		{05A95CC3-6FC6-43CE-8F6E-012FB1773FBF}.Debug|Any CPU.ActiveCfg = Debug|Any CPU
		{05A95CC3-6FC6-43CE-8F6E-012FB1773FBF}.Debug|Any CPU.Build.0 = Debug|Any CPU
		{05A95CC3-6FC6-43CE-8F6E-012FB1773FBF}.Release|Any CPU.ActiveCfg = Release|Any CPU
		{05A95CC3-6FC6-43CE-8F6E-012FB1773FBF}.Release|Any CPU.Build.0 = Release|Any CPU
	EndGlobalSection
	GlobalSection(SolutionProperties) = preSolution
		HideSolutionNode = FALSE
	EndGlobalSection
EndGlobal
